// !$*UTF8*$!
{
	archiveVersion = 1;
	classes = {
	};
	objectVersion = 50;
	objects = {

/* Begin PBXBuildFile section */
		5792F4481F5EB76ED1A5FFEE /* Pods_MJPicHelper.framework in Frameworks */ = {isa = PBXBuildFile; fileRef = E8A5B09CFFFEB868FDA4D714 /* Pods_MJPicHelper.framework */; };
		DA694AAF235D4758002BFB38 /* AppDelegate.m in Sources */ = {isa = PBXBuildFile; fileRef = DA694AAE235D4758002BFB38 /* AppDelegate.m */; };
		DA694AB2235D4758002BFB38 /* ViewController.m in Sources */ = {isa = PBXBuildFile; fileRef = DA694AB1235D4758002BFB38 /* ViewController.m */; };
		DA694AB5235D4758002BFB38 /* Main.storyboard in Resources */ = {isa = PBXBuildFile; fileRef = DA694AB3235D4758002BFB38 /* Main.storyboard */; };
		DA694AB7235D475A002BFB38 /* Assets.xcassets in Resources */ = {isa = PBXBuildFile; fileRef = DA694AB6235D475A002BFB38 /* Assets.xcassets */; };
		DA694ABA235D475A002BFB38 /* LaunchScreen.storyboard in Resources */ = {isa = PBXBuildFile; fileRef = DA694AB8235D475A002BFB38 /* LaunchScreen.storyboard */; };
		DA694ABD235D475A002BFB38 /* main.m in Sources */ = {isa = PBXBuildFile; fileRef = DA694ABC235D475A002BFB38 /* main.m */; };
		DA694AC6235D47F6002BFB38 /* MJPicHelperManager.m in Sources */ = {isa = PBXBuildFile; fileRef = DA694AC5235D47F6002BFB38 /* MJPicHelperManager.m */; };
		DA694ACC235D55E8002BFB38 /* MJPicSFController.m in Sources */ = {isa = PBXBuildFile; fileRef = DA694ACB235D55E8002BFB38 /* MJPicSFController.m */; };
		DA694ACF235D59A6002BFB38 /* MJPicWKController.m in Sources */ = {isa = PBXBuildFile; fileRef = DA694ACE235D59A6002BFB38 /* MJPicWKController.m */; };
/* End PBXBuildFile section */

/* Begin PBXFileReference section */
		DA694AAA235D4758002BFB38 /* MJPicHelper.app */ = {isa = PBXFileReference; explicitFileType = wrapper.application; includeInIndex = 0; path = MJPicHelper.app; sourceTree = BUILT_PRODUCTS_DIR; };
		DA694AAD235D4758002BFB38 /* AppDelegate.h */ = {isa = PBXFileReference; lastKnownFileType = sourcecode.c.h; path = AppDelegate.h; sourceTree = "<group>"; };
		DA694AAE235D4758002BFB38 /* AppDelegate.m */ = {isa = PBXFileReference; lastKnownFileType = sourcecode.c.objc; path = AppDelegate.m; sourceTree = "<group>"; };
		DA694AB0235D4758002BFB38 /* ViewController.h */ = {isa = PBXFileReference; lastKnownFileType = sourcecode.c.h; path = ViewController.h; sourceTree = "<group>"; };
		DA694AB1235D4758002BFB38 /* ViewController.m */ = {isa = PBXFileReference; lastKnownFileType = sourcecode.c.objc; path = ViewController.m; sourceTree = "<group>"; };
		DA694AB4235D4758002BFB38 /* Base */ = {isa = PBXFileReference; lastKnownFileType = file.storyboard; name = Base; path = Base.lproj/Main.storyboard; sourceTree = "<group>"; };
		DA694AB6235D475A002BFB38 /* Assets.xcassets */ = {isa = PBXFileReference; lastKnownFileType = folder.assetcatalog; path = Assets.xcassets; sourceTree = "<group>"; };
		DA694AB9235D475A002BFB38 /* Base */ = {isa = PBXFileReference; lastKnownFileType = file.storyboard; name = Base; path = Base.lproj/LaunchScreen.storyboard; sourceTree = "<group>"; };
		DA694ABB235D475A002BFB38 /* Info.plist */ = {isa = PBXFileReference; lastKnownFileType = text.plist.xml; path = Info.plist; sourceTree = "<group>"; };
		DA694ABC235D475A002BFB38 /* main.m */ = {isa = PBXFileReference; lastKnownFileType = sourcecode.c.objc; path = main.m; sourceTree = "<group>"; };
		DA694AC4235D47F6002BFB38 /* MJPicHelperManager.h */ = {isa = PBXFileReference; lastKnownFileType = sourcecode.c.h; path = MJPicHelperManager.h; sourceTree = "<group>"; };
		DA694AC5235D47F6002BFB38 /* MJPicHelperManager.m */ = {isa = PBXFileReference; lastKnownFileType = sourcecode.c.objc; path = MJPicHelperManager.m; sourceTree = "<group>"; };
		DA694ACA235D55E8002BFB38 /* MJPicSFController.h */ = {isa = PBXFileReference; lastKnownFileType = sourcecode.c.h; path = MJPicSFController.h; sourceTree = "<group>"; };
		DA694ACB235D55E8002BFB38 /* MJPicSFController.m */ = {isa = PBXFileReference; lastKnownFileType = sourcecode.c.objc; path = MJPicSFController.m; sourceTree = "<group>"; };
		DA694ACD235D59A6002BFB38 /* MJPicWKController.h */ = {isa = PBXFileReference; lastKnownFileType = sourcecode.c.h; path = MJPicWKController.h; sourceTree = "<group>"; };
		DA694ACE235D59A6002BFB38 /* MJPicWKController.m */ = {isa = PBXFileReference; lastKnownFileType = sourcecode.c.objc; path = MJPicWKController.m; sourceTree = "<group>"; };
		DA694ADE235E9349002BFB38 /* MJPicHelper.entitlements */ = {isa = PBXFileReference; lastKnownFileType = text.plist.entitlements; path = MJPicHelper.entitlements; sourceTree = "<group>"; };
		DF07F805C9D2455D02D6AF89 /* Pods-MJPicHelper.release.xcconfig */ = {isa = PBXFileReference; includeInIndex = 1; lastKnownFileType = text.xcconfig; name = "Pods-MJPicHelper.release.xcconfig"; path = "Pods/Target Support Files/Pods-MJPicHelper/Pods-MJPicHelper.release.xcconfig"; sourceTree = "<group>"; };
		E8A5B09CFFFEB868FDA4D714 /* Pods_MJPicHelper.framework */ = {isa = PBXFileReference; explicitFileType = wrapper.framework; includeInIndex = 0; path = Pods_MJPicHelper.framework; sourceTree = BUILT_PRODUCTS_DIR; };
		FCA211458C0A7DF45C5EADED /* Pods-MJPicHelper.debug.xcconfig */ = {isa = PBXFileReference; includeInIndex = 1; lastKnownFileType = text.xcconfig; name = "Pods-MJPicHelper.debug.xcconfig"; path = "Pods/Target Support Files/Pods-MJPicHelper/Pods-MJPicHelper.debug.xcconfig"; sourceTree = "<group>"; };
/* End PBXFileReference section */

/* Begin PBXFrameworksBuildPhase section */
		DA694AA7235D4758002BFB38 /* Frameworks */ = {
			isa = PBXFrameworksBuildPhase;
			buildActionMask = 2147483647;
			files = (
				5792F4481F5EB76ED1A5FFEE /* Pods_MJPicHelper.framework in Frameworks */,
			);
			runOnlyForDeploymentPostprocessing = 0;
		};
/* End PBXFrameworksBuildPhase section */

/* Begin PBXGroup section */
		2DFCCC02394F6ED77EF6AAB9 /* Frameworks */ = {
			isa = PBXGroup;
			children = (
				E8A5B09CFFFEB868FDA4D714 /* Pods_MJPicHelper.framework */,
			);
			name = Frameworks;
			sourceTree = "<group>";
		};
		BFB43F3CBE769FBA899AAF05 /* Pods */ = {
			isa = PBXGroup;
			children = (
				FCA211458C0A7DF45C5EADED /* Pods-MJPicHelper.debug.xcconfig */,
				DF07F805C9D2455D02D6AF89 /* Pods-MJPicHelper.release.xcconfig */,
			);
			name = Pods;
			sourceTree = "<group>";
		};
		DA694AA1235D4758002BFB38 = {
			isa = PBXGroup;
			children = (
				DA694AAC235D4758002BFB38 /* MJPicHelper */,
				DA694AAB235D4758002BFB38 /* Products */,
				BFB43F3CBE769FBA899AAF05 /* Pods */,
				2DFCCC02394F6ED77EF6AAB9 /* Frameworks */,
			);
			sourceTree = "<group>";
		};
		DA694AAB235D4758002BFB38 /* Products */ = {
			isa = PBXGroup;
			children = (
				DA694AAA235D4758002BFB38 /* MJPicHelper.app */,
			);
			name = Products;
			sourceTree = "<group>";
		};
		DA694AAC235D4758002BFB38 /* MJPicHelper */ = {
			isa = PBXGroup;
			children = (
				DA694ADE235E9349002BFB38 /* MJPicHelper.entitlements */,
				DA694AC3235D47CF002BFB38 /* MJPicHelper */,
				DA694AAD235D4758002BFB38 /* AppDelegate.h */,
				DA694AAE235D4758002BFB38 /* AppDelegate.m */,
				DA694AB0235D4758002BFB38 /* ViewController.h */,
				DA694AB1235D4758002BFB38 /* ViewController.m */,
				DA694AB3235D4758002BFB38 /* Main.storyboard */,
				DA694AB6235D475A002BFB38 /* Assets.xcassets */,
				DA694AB8235D475A002BFB38 /* LaunchScreen.storyboard */,
				DA694ABB235D475A002BFB38 /* Info.plist */,
				DA694ABC235D475A002BFB38 /* main.m */,
			);
			path = MJPicHelper;
			sourceTree = "<group>";
		};
		DA694AC3235D47CF002BFB38 /* MJPicHelper */ = {
			isa = PBXGroup;
			children = (
				DA694AC4235D47F6002BFB38 /* MJPicHelperManager.h */,
				DA694AC5235D47F6002BFB38 /* MJPicHelperManager.m */,
				DA694ACA235D55E8002BFB38 /* MJPicSFController.h */,
				DA694ACB235D55E8002BFB38 /* MJPicSFController.m */,
				DA694ACD235D59A6002BFB38 /* MJPicWKController.h */,
				DA694ACE235D59A6002BFB38 /* MJPicWKController.m */,
			);
			path = MJPicHelper;
			sourceTree = "<group>";
		};
/* End PBXGroup section */

/* Begin PBXNativeTarget section */
		DA694AA9235D4758002BFB38 /* MJPicHelper */ = {
			isa = PBXNativeTarget;
			buildConfigurationList = DA694AC0235D475A002BFB38 /* Build configuration list for PBXNativeTarget "MJPicHelper" */;
			buildPhases = (
				7791D170EF27B19AE1BBCFE8 /* [CP] Check Pods Manifest.lock */,
				DA694AA6235D4758002BFB38 /* Sources */,
				DA694AA7235D4758002BFB38 /* Frameworks */,
				DA694AA8235D4758002BFB38 /* Resources */,
				44C42140B65CEB2A7EE81DAA /* [CP] Embed Pods Frameworks */,
			);
			buildRules = (
			);
			dependencies = (
			);
			name = MJPicHelper;
			productName = MJPicHelper;
			productReference = DA694AAA235D4758002BFB38 /* MJPicHelper.app */;
			productType = "com.apple.product-type.application";
		};
/* End PBXNativeTarget section */

/* Begin PBXProject section */
		DA694AA2235D4758002BFB38 /* Project object */ = {
			isa = PBXProject;
			attributes = {
				LastUpgradeCheck = 1010;
				ORGANIZATIONNAME = wangjun;
				TargetAttributes = {
					DA694AA9235D4758002BFB38 = {
						CreatedOnToolsVersion = 10.1;
						SystemCapabilities = {
							com.apple.BackgroundModes = {
								enabled = 0;
							};
							com.apple.Push = {
								enabled = 0;
							};
						};
					};
				};
			};
			buildConfigurationList = DA694AA5235D4758002BFB38 /* Build configuration list for PBXProject "MJPicHelper" */;
			compatibilityVersion = "Xcode 9.3";
			developmentRegion = en;
			hasScannedForEncodings = 0;
			knownRegions = (
				en,
				Base,
			);
			mainGroup = DA694AA1235D4758002BFB38;
			productRefGroup = DA694AAB235D4758002BFB38 /* Products */;
			projectDirPath = "";
			projectRoot = "";
			targets = (
				DA694AA9235D4758002BFB38 /* MJPicHelper */,
			);
		};
/* End PBXProject section */

/* Begin PBXResourcesBuildPhase section */
		DA694AA8235D4758002BFB38 /* Resources */ = {
			isa = PBXResourcesBuildPhase;
			buildActionMask = 2147483647;
			files = (
				DA694ABA235D475A002BFB38 /* LaunchScreen.storyboard in Resources */,
				DA694AB7235D475A002BFB38 /* Assets.xcassets in Resources */,
				DA694AB5235D4758002BFB38 /* Main.storyboard in Resources */,
			);
			runOnlyForDeploymentPostprocessing = 0;
		};
/* End PBXResourcesBuildPhase section */

/* Begin PBXShellScriptBuildPhase section */
		44C42140B65CEB2A7EE81DAA /* [CP] Embed Pods Frameworks */ = {
			isa = PBXShellScriptBuildPhase;
			buildActionMask = 2147483647;
			files = (
			);
			inputPaths = (
				"${SRCROOT}/Pods/Target Support Files/Pods-MJPicHelper/Pods-MJPicHelper-frameworks.sh",
				"${BUILT_PRODUCTS_DIR}/AFNetworking/AFNetworking.framework",
				"${BUILT_PRODUCTS_DIR}/Masonry/Masonry.framework",
				"${BUILT_PRODUCTS_DIR}/SDWebImage/SDWebImage.framework",
				"${BUILT_PRODUCTS_DIR}/SVProgressHUD/SVProgressHUD.framework",
			);
			name = "[CP] Embed Pods Frameworks";
			outputPaths = (
				"${TARGET_BUILD_DIR}/${FRAMEWORKS_FOLDER_PATH}/AFNetworking.framework",
				"${TARGET_BUILD_DIR}/${FRAMEWORKS_FOLDER_PATH}/Masonry.framework",
				"${TARGET_BUILD_DIR}/${FRAMEWORKS_FOLDER_PATH}/SDWebImage.framework",
				"${TARGET_BUILD_DIR}/${FRAMEWORKS_FOLDER_PATH}/SVProgressHUD.framework",
			);
			runOnlyForDeploymentPostprocessing = 0;
			shellPath = /bin/sh;
			shellScript = "\"${SRCROOT}/Pods/Target Support Files/Pods-MJPicHelper/Pods-MJPicHelper-frameworks.sh\"\n";
			showEnvVarsInLog = 0;
		};
		7791D170EF27B19AE1BBCFE8 /* [CP] Check Pods Manifest.lock */ = {
			isa = PBXShellScriptBuildPhase;
			buildActionMask = 2147483647;
			files = (
			);
			inputPaths = (
				"${PODS_PODFILE_DIR_PATH}/Podfile.lock",
				"${PODS_ROOT}/Manifest.lock",
			);
			name = "[CP] Check Pods Manifest.lock";
			outputPaths = (
				"$(DERIVED_FILE_DIR)/Pods-MJPicHelper-checkManifestLockResult.txt",
			);
			runOnlyForDeploymentPostprocessing = 0;
			shellPath = /bin/sh;
			shellScript = "diff \"${PODS_PODFILE_DIR_PATH}/Podfile.lock\" \"${PODS_ROOT}/Manifest.lock\" > /dev/null\nif [ $? != 0 ] ; then\n    # print error to STDERR\n    echo \"error: The sandbox is not in sync with the Podfile.lock. Run 'pod install' or update your CocoaPods installation.\" >&2\n    exit 1\nfi\n# This output is used by Xcode 'outputs' to avoid re-running this script phase.\necho \"SUCCESS\" > \"${SCRIPT_OUTPUT_FILE_0}\"\n";
			showEnvVarsInLog = 0;
		};
/* End PBXShellScriptBuildPhase section */

/* Begin PBXSourcesBuildPhase section */
		DA694AA6235D4758002BFB38 /* Sources */ = {
			isa = PBXSourcesBuildPhase;
			buildActionMask = 2147483647;
			files = (
				DA694AB2235D4758002BFB38 /* ViewController.m in Sources */,
				DA694AC6235D47F6002BFB38 /* MJPicHelperManager.m in Sources */,
				DA694ACC235D55E8002BFB38 /* MJPicSFController.m in Sources */,
				DA694ABD235D475A002BFB38 /* main.m in Sources */,
				DA694AAF235D4758002BFB38 /* AppDelegate.m in Sources */,
				DA694ACF235D59A6002BFB38 /* MJPicWKController.m in Sources */,
			);
			runOnlyForDeploymentPostprocessing = 0;
		};
/* End PBXSourcesBuildPhase section */

/* Begin PBXVariantGroup section */
		DA694AB3235D4758002BFB38 /* Main.storyboard */ = {
			isa = PBXVariantGroup;
			children = (
				DA694AB4235D4758002BFB38 /* Base */,
			);
			name = Main.storyboard;
			sourceTree = "<group>";
		};
		DA694AB8235D475A002BFB38 /* LaunchScreen.storyboard */ = {
			isa = PBXVariantGroup;
			children = (
				DA694AB9235D475A002BFB38 /* Base */,
			);
			name = LaunchScreen.storyboard;
			sourceTree = "<group>";
		};
/* End PBXVariantGroup section */

/* Begin XCBuildConfiguration section */
		DA694ABE235D475A002BFB38 /* Debug */ = {
			isa = XCBuildConfiguration;
			buildSettings = {
				ALWAYS_SEARCH_USER_PATHS = NO;
				CLANG_ANALYZER_NONNULL = YES;
				CLANG_ANALYZER_NUMBER_OBJECT_CONVERSION = YES_AGGRESSIVE;
				CLANG_CXX_LANGUAGE_STANDARD = "gnu++14";
				CLANG_CXX_LIBRARY = "libc++";
				CLANG_ENABLE_MODULES = YES;
				CLANG_ENABLE_OBJC_ARC = YES;
				CLANG_ENABLE_OBJC_WEAK = YES;
				CLANG_WARN_BLOCK_CAPTURE_AUTORELEASING = YES;
				CLANG_WARN_BOOL_CONVERSION = YES;
				CLANG_WARN_COMMA = YES;
				CLANG_WARN_CONSTANT_CONVERSION = YES;
				CLANG_WARN_DEPRECATED_OBJC_IMPLEMENTATIONS = YES;
				CLANG_WARN_DIRECT_OBJC_ISA_USAGE = YES_ERROR;
				CLANG_WARN_DOCUMENTATION_COMMENTS = YES;
				CLANG_WARN_EMPTY_BODY = YES;
				CLANG_WARN_ENUM_CONVERSION = YES;
				CLANG_WARN_INFINITE_RECURSION = YES;
				CLANG_WARN_INT_CONVERSION = YES;
				CLANG_WARN_NON_LITERAL_NULL_CONVERSION = YES;
				CLANG_WARN_OBJC_IMPLICIT_RETAIN_SELF = YES;
				CLANG_WARN_OBJC_LITERAL_CONVERSION = YES;
				CLANG_WARN_OBJC_ROOT_CLASS = YES_ERROR;
				CLANG_WARN_RANGE_LOOP_ANALYSIS = YES;
				CLANG_WARN_STRICT_PROTOTYPES = YES;
				CLANG_WARN_SUSPICIOUS_MOVE = YES;
				CLANG_WARN_UNGUARDED_AVAILABILITY = YES_AGGRESSIVE;
				CLANG_WARN_UNREACHABLE_CODE = YES;
				CLANG_WARN__DUPLICATE_METHOD_MATCH = YES;
				CODE_SIGN_IDENTITY = "iPhone Developer";
				COPY_PHASE_STRIP = NO;
				DEBUG_INFORMATION_FORMAT = dwarf;
				ENABLE_STRICT_OBJC_MSGSEND = YES;
				ENABLE_TESTABILITY = YES;
				GCC_C_LANGUAGE_STANDARD = gnu11;
				GCC_DYNAMIC_NO_PIC = NO;
				GCC_NO_COMMON_BLOCKS = YES;
				GCC_OPTIMIZATION_LEVEL = 0;
				GCC_PREPROCESSOR_DEFINITIONS = (
					"DEBUG=1",
					"$(inherited)",
				);
				GCC_WARN_64_TO_32_BIT_CONVERSION = YES;
				GCC_WARN_ABOUT_RETURN_TYPE = YES_ERROR;
				GCC_WARN_UNDECLARED_SELECTOR = YES;
				GCC_WARN_UNINITIALIZED_AUTOS = YES_AGGRESSIVE;
				GCC_WARN_UNUSED_FUNCTION = YES;
				GCC_WARN_UNUSED_VARIABLE = YES;
				IPHONEOS_DEPLOYMENT_TARGET = 12.1;
				MTL_ENABLE_DEBUG_INFO = INCLUDE_SOURCE;
				MTL_FAST_MATH = YES;
				ONLY_ACTIVE_ARCH = YES;
				SDKROOT = iphoneos;
			};
			name = Debug;
		};
		DA694ABF235D475A002BFB38 /* Release */ = {
			isa = XCBuildConfiguration;
			buildSettings = {
				ALWAYS_SEARCH_USER_PATHS = NO;
				CLANG_ANALYZER_NONNULL = YES;
				CLANG_ANALYZER_NUMBER_OBJECT_CONVERSION = YES_AGGRESSIVE;
				CLANG_CXX_LANGUAGE_STANDARD = "gnu++14";
				CLANG_CXX_LIBRARY = "libc++";
				CLANG_ENABLE_MODULES = YES;
				CLANG_ENABLE_OBJC_ARC = YES;
				CLANG_ENABLE_OBJC_WEAK = YES;
				CLANG_WARN_BLOCK_CAPTURE_AUTORELEASING = YES;
				CLANG_WARN_BOOL_CONVERSION = YES;
				CLANG_WARN_COMMA = YES;
				CLANG_WARN_CONSTANT_CONVERSION = YES;
				CLANG_WARN_DEPRECATED_OBJC_IMPLEMENTATIONS = YES;
				CLANG_WARN_DIRECT_OBJC_ISA_USAGE = YES_ERROR;
				CLANG_WARN_DOCUMENTATION_COMMENTS = YES;
				CLANG_WARN_EMPTY_BODY = YES;
				CLANG_WARN_ENUM_CONVERSION = YES;
				CLANG_WARN_INFINITE_RECURSION = YES;
				CLANG_WARN_INT_CONVERSION = YES;
				CLANG_WARN_NON_LITERAL_NULL_CONVERSION = YES;
				CLANG_WARN_OBJC_IMPLICIT_RETAIN_SELF = YES;
				CLANG_WARN_OBJC_LITERAL_CONVERSION = YES;
				CLANG_WARN_OBJC_ROOT_CLASS = YES_ERROR;
				CLANG_WARN_RANGE_LOOP_ANALYSIS = YES;
				CLANG_WARN_STRICT_PROTOTYPES = YES;
				CLANG_WARN_SUSPICIOUS_MOVE = YES;
				CLANG_WARN_UNGUARDED_AVAILABILITY = YES_AGGRESSIVE;
				CLANG_WARN_UNREACHABLE_CODE = YES;
				CLANG_WARN__DUPLICATE_METHOD_MATCH = YES;
				CODE_SIGN_IDENTITY = "iPhone Developer";
				COPY_PHASE_STRIP = NO;
				DEBUG_INFORMATION_FORMAT = "dwarf-with-dsym";
				ENABLE_NS_ASSERTIONS = NO;
				ENABLE_STRICT_OBJC_MSGSEND = YES;
				GCC_C_LANGUAGE_STANDARD = gnu11;
				GCC_NO_COMMON_BLOCKS = YES;
				GCC_WARN_64_TO_32_BIT_CONVERSION = YES;
				GCC_WARN_ABOUT_RETURN_TYPE = YES_ERROR;
				GCC_WARN_UNDECLARED_SELECTOR = YES;
				GCC_WARN_UNINITIALIZED_AUTOS = YES_AGGRESSIVE;
				GCC_WARN_UNUSED_FUNCTION = YES;
				GCC_WARN_UNUSED_VARIABLE = YES;
				IPHONEOS_DEPLOYMENT_TARGET = 12.1;
				MTL_ENABLE_DEBUG_INFO = NO;
				MTL_FAST_MATH = YES;
				SDKROOT = iphoneos;
				VALIDATE_PRODUCT = YES;
			};
			name = Release;
		};
		DA694AC1235D475A002BFB38 /* Debug */ = {
			isa = XCBuildConfiguration;
			baseConfigurationReference = FCA211458C0A7DF45C5EADED /* Pods-MJPicHelper.debug.xcconfig */;
			buildSettings = {
				ASSETCATALOG_COMPILER_APPICON_NAME = AppIcon;
				CODE_SIGN_STYLE = Manual;
				DEVELOPMENT_TEAM = X8PLCK7B4E;
				INFOPLIST_FILE = MJPicHelper/Info.plist;
				IPHONEOS_DEPLOYMENT_TARGET = 9.1;
				LD_RUNPATH_SEARCH_PATHS = (
					"$(inherited)",
					"@executable_path/Frameworks",
				);
				PRODUCT_BUNDLE_IDENTIFIER = com.cloudm.YJX.Engineer.AppID;
				PRODUCT_NAME = "$(TARGET_NAME)";
				PROVISIONING_PROFILE_SPECIFIER = com.cloudm.YJX.Engineer.development;
				TARGETED_DEVICE_FAMILY = "1,2";
			};
			name = Debug;
		};
		DA694AC2235D475A002BFB38 /* Release */ = {
			isa = XCBuildConfiguration;
			baseConfigurationReference = DF07F805C9D2455D02D6AF89 /* Pods-MJPicHelper.release.xcconfig */;
			buildSettings = {
				ASSETCATALOG_COMPILER_APPICON_NAME = AppIcon;
				CODE_SIGN_STYLE = Manual;
				DEVELOPMENT_TEAM = X8PLCK7B4E;
				INFOPLIST_FILE = MJPicHelper/Info.plist;
				IPHONEOS_DEPLOYMENT_TARGET = 9.1;
				LD_RUNPATH_SEARCH_PATHS = (
					"$(inherited)",
					"@executable_path/Frameworks",
				);
				PRODUCT_BUNDLE_IDENTIFIER = com.cloudm.YJX.Engineer.AppID;
				PRODUCT_NAME = "$(TARGET_NAME)";
				PROVISIONING_PROFILE_SPECIFIER = com.cloudm.YJX.Engineer.development;
				TARGETED_DEVICE_FAMILY = "1,2";
			};
			name = Release;
		};
/* End XCBuildConfiguration section */

/* Begin XCConfigurationList section */
		DA694AA5235D4758002BFB38 /* Build configuration list for PBXProject "MJPicHelper" */ = {
			isa = XCConfigurationList;
			buildConfigurations = (
				DA694ABE235D475A002BFB38 /* Debug */,
				DA694ABF235D475A002BFB38 /* Release */,
			);
			defaultConfigurationIsVisible = 0;
			defaultConfigurationName = Release;
		};
		DA694AC0235D475A002BFB38 /* Build configuration list for PBXNativeTarget "MJPicHelper" */ = {
			isa = XCConfigurationList;
			buildConfigurations = (
				DA694AC1235D475A002BFB38 /* Debug */,
				DA694AC2235D475A002BFB38 /* Release */,
			);
			defaultConfigurationIsVisible = 0;
			defaultConfigurationName = Release;
		};
/* End XCConfigurationList section */
	};
	rootObject = DA694AA2235D4758002BFB38 /* Project object */;
}
